<Solution>
  <Folder Name="/src/">
    <Project Path="src/Usuarios.Adapters/Usuarios.Adapters.csproj" />
    <Project Path="src/Usuarios.Api/Usuarios.Api.csproj" />
    <Project Path="src/Usuarios.Application/Usuarios.Application.csproj" />
    <Project Path="src/Usuarios.Domain/Usuarios.Domain.csproj" />
  </Folder>
  <Folder Name="/tests/">
    <Project Path="tests/Usuarios.Tests/Usuarios.Tests.csproj" />
  </Folder>
</Solution>
